// !$*UTF8*$!
{
	archiveVersion = 1;
	classes = {
	};
	objectVersion = 56;
	objects = {

/* Begin PBXBuildFile section */
		9C62CA3D2BF9F22000F7E575 /* SendJsonFileSampleApp.swift in Sources */ = {isa = PBXBuildFile; fileRef = 9C62CA3C2BF9F22000F7E575 /* SendJsonFileSampleApp.swift */; };
		9C62CA3F2BF9F22000F7E575 /* ContentView.swift in Sources */ = {isa = PBXBuildFile; fileRef = 9C62CA3E2BF9F22000F7E575 /* ContentView.swift */; };
		9C62CA412BF9F22100F7E575 /* Assets.xcassets in Resources */ = {isa = PBXBuildFile; fileRef = 9C62CA402BF9F22100F7E575 /* Assets.xcassets */; };
		9C62CA452BF9F22100F7E575 /* Preview Assets.xcassets in Resources */ = {isa = PBXBuildFile; fileRef = 9C62CA442BF9F22100F7E575 /* Preview Assets.xcassets */; };
		9C62CA4F2BF9F22100F7E575 /* SendJsonFileSampleTests.swift in Sources */ = {isa = PBXBuildFile; fileRef = 9C62CA4E2BF9F22100F7E575 /* SendJsonFileSampleTests.swift */; };
		9C62CA592BF9F22100F7E575 /* SendJsonFileSampleUITests.swift in Sources */ = {isa = PBXBuildFile; fileRef = 9C62CA582BF9F22100F7E575 /* SendJsonFileSampleUITests.swift */; };
		9C62CA5B2BF9F22100F7E575 /* SendJsonFileSampleUITestsLaunchTests.swift in Sources */ = {isa = PBXBuildFile; fileRef = 9C62CA5A2BF9F22100F7E575 /* SendJsonFileSampleUITestsLaunchTests.swift */; };
/* End PBXBuildFile section */

/* Begin PBXContainerItemProxy section */
		9C62CA4B2BF9F22100F7E575 /* PBXContainerItemProxy */ = {
			isa = PBXContainerItemProxy;
			containerPortal = 9C62CA312BF9F22000F7E575 /* Project object */;
			proxyType = 1;
			remoteGlobalIDString = 9C62CA382BF9F22000F7E575;
			remoteInfo = SendJsonFileSample;
		};
		9C62CA552BF9F22100F7E575 /* PBXContainerItemProxy */ = {
			isa = PBXContainerItemProxy;
			containerPortal = 9C62CA312BF9F22000F7E575 /* Project object */;
			proxyType = 1;
			remoteGlobalIDString = 9C62CA382BF9F22000F7E575;
			remoteInfo = SendJsonFileSample;
		};
/* End PBXContainerItemProxy section */

/* Begin PBXFileReference section */
		9C62CA392BF9F22000F7E575 /* SendJsonFileSample.app */ = {isa = PBXFileReference; explicitFileType = wrapper.application; includeInIndex = 0; path = SendJsonFileSample.app; sourceTree = BUILT_PRODUCTS_DIR; };
		9C62CA3C2BF9F22000F7E575 /* SendJsonFileSampleApp.swift */ = {isa = PBXFileReference; lastKnownFileType = sourcecode.swift; path = SendJsonFileSampleApp.swift; sourceTree = "<group>"; };
		9C62CA3E2BF9F22000F7E575 /* ContentView.swift */ = {isa = PBXFileReference; lastKnownFileType = sourcecode.swift; path = ContentView.swift; sourceTree = "<group>"; };
		9C62CA402BF9F22100F7E575 /* Assets.xcassets */ = {isa = PBXFileReference; lastKnownFileType = folder.assetcatalog; path = Assets.xcassets; sourceTree = "<group>"; };
		9C62CA422BF9F22100F7E575 /* SendJsonFileSample.entitlements */ = {isa = PBXFileReference; lastKnownFileType = text.plist.entitlements; path = SendJsonFileSample.entitlements; sourceTree = "<group>"; };
		9C62CA442BF9F22100F7E575 /* Preview Assets.xcassets */ = {isa = PBXFileReference; lastKnownFileType = folder.assetcatalog; path = "Preview Assets.xcassets"; sourceTree = "<group>"; };
		9C62CA4A2BF9F22100F7E575 /* SendJsonFileSampleTests.xctest */ = {isa = PBXFileReference; explicitFileType = wrapper.cfbundle; includeInIndex = 0; path = SendJsonFileSampleTests.xctest; sourceTree = BUILT_PRODUCTS_DIR; };
		9C62CA4E2BF9F22100F7E575 /* SendJsonFileSampleTests.swift */ = {isa = PBXFileReference; lastKnownFileType = sourcecode.swift; path = SendJsonFileSampleTests.swift; sourceTree = "<group>"; };
		9C62CA542BF9F22100F7E575 /* SendJsonFileSampleUITests.xctest */ = {isa = PBXFileReference; explicitFileType = wrapper.cfbundle; includeInIndex = 0; path = SendJsonFileSampleUITests.xctest; sourceTree = BUILT_PRODUCTS_DIR; };
		9C62CA582BF9F22100F7E575 /* SendJsonFileSampleUITests.swift */ = {isa = PBXFileReference; lastKnownFileType = sourcecode.swift; path = SendJsonFileSampleUITests.swift; sourceTree = "<group>"; };
		9C62CA5A2BF9F22100F7E575 /* SendJsonFileSampleUITestsLaunchTests.swift */ = {isa = PBXFileReference; lastKnownFileType = sourcecode.swift; path = SendJsonFileSampleUITestsLaunchTests.swift; sourceTree = "<group>"; };
		9C62CA672BF9F88000F7E575 /* Info.plist */ = {isa = PBXFileReference; lastKnownFileType = text.plist; path = Info.plist; sourceTree = "<group>"; };
/* End PBXFileReference section */

/* Begin PBXFrameworksBuildPhase section */
		9C62CA362BF9F22000F7E575 /* Frameworks */ = {
			isa = PBXFrameworksBuildPhase;
			buildActionMask = 2147483647;
			files = (
			);
			runOnlyForDeploymentPostprocessing = 0;
		};
		9C62CA472BF9F22100F7E575 /* Frameworks */ = {
			isa = PBXFrameworksBuildPhase;
			buildActionMask = 2147483647;
			files = (
			);
			runOnlyForDeploymentPostprocessing = 0;
		};
		9C62CA512BF9F22100F7E575 /* Frameworks */ = {
			isa = PBXFrameworksBuildPhase;
			buildActionMask = 2147483647;
			files = (
			);
			runOnlyForDeploymentPostprocessing = 0;
		};
/* End PBXFrameworksBuildPhase section */

/* Begin PBXGroup section */
		9C62CA302BF9F22000F7E575 = {
			isa = PBXGroup;
			children = (
				9C62CA3B2BF9F22000F7E575 /* SendJsonFileSample */,
				9C62CA4D2BF9F22100F7E575 /* SendJsonFileSampleTests */,
				9C62CA572BF9F22100F7E575 /* SendJsonFileSampleUITests */,
				9C62CA3A2BF9F22000F7E575 /* Products */,
			);
			sourceTree = "<group>";
		};
		9C62CA3A2BF9F22000F7E575 /* Products */ = {
			isa = PBXGroup;
			children = (
				9C62CA392BF9F22000F7E575 /* SendJsonFileSample.app */,
				9C62CA4A2BF9F22100F7E575 /* SendJsonFileSampleTests.xctest */,
				9C62CA542BF9F22100F7E575 /* SendJsonFileSampleUITests.xctest */,
			);
			name = Products;
			sourceTree = "<group>";
		};
		9C62CA3B2BF9F22000F7E575 /* SendJsonFileSample */ = {
			isa = PBXGroup;
			children = (
				9C62CA672BF9F88000F7E575 /* Info.plist */,
				9C62CA3C2BF9F22000F7E575 /* SendJsonFileSampleApp.swift */,
				9C62CA3E2BF9F22000F7E575 /* ContentView.swift */,
				9C62CA402BF9F22100F7E575 /* Assets.xcassets */,
				9C62CA422BF9F22100F7E575 /* SendJsonFileSample.entitlements */,
				9C62CA432BF9F22100F7E575 /* Preview Content */,
			);
			path = SendJsonFileSample;
			sourceTree = "<group>";
		};
		9C62CA432BF9F22100F7E575 /* Preview Content */ = {
			isa = PBXGroup;
			children = (
				9C62CA442BF9F22100F7E575 /* Preview Assets.xcassets */,
			);
			path = "Preview Content";
			sourceTree = "<group>";
		};
		9C62CA4D2BF9F22100F7E575 /* SendJsonFileSampleTests */ = {
			isa = PBXGroup;
			children = (
				9C62CA4E2BF9F22100F7E575 /* SendJsonFileSampleTests.swift */,
			);
			path = SendJsonFileSampleTests;
			sourceTree = "<group>";
		};
		9C62CA572BF9F22100F7E575 /* SendJsonFileSampleUITests */ = {
			isa = PBXGroup;
			children = (
				9C62CA582BF9F22100F7E575 /* SendJsonFileSampleUITests.swift */,
				9C62CA5A2BF9F22100F7E575 /* SendJsonFileSampleUITestsLaunchTests.swift */,
			);
			path = SendJsonFileSampleUITests;
			sourceTree = "<group>";
		};
/* End PBXGroup section */

/* Begin PBXNativeTarget section */
		9C62CA382BF9F22000F7E575 /* SendJsonFileSample */ = {
			isa = PBXNativeTarget;
			buildConfigurationList = 9C62CA5E2BF9F22100F7E575 /* Build configuration list for PBXNativeTarget "SendJsonFileSample" */;
			buildPhases = (
				9C62CA352BF9F22000F7E575 /* Sources */,
				9C62CA362BF9F22000F7E575 /* Frameworks */,
				9C62CA372BF9F22000F7E575 /* Resources */,
			);
			buildRules = (
			);
			dependencies = (
			);
			name = SendJsonFileSample;
			productName = SendJsonFileSample;
			productReference = 9C62CA392BF9F22000F7E575 /* SendJsonFileSample.app */;
			productType = "com.apple.product-type.application";
		};
		9C62CA492BF9F22100F7E575 /* SendJsonFileSampleTests */ = {
			isa = PBXNativeTarget;
			buildConfigurationList = 9C62CA612BF9F22100F7E575 /* Build configuration list for PBXNativeTarget "SendJsonFileSampleTests" */;
			buildPhases = (
				9C62CA462BF9F22100F7E575 /* Sources */,
				9C62CA472BF9F22100F7E575 /* Frameworks */,
				9C62CA482BF9F22100F7E575 /* Resources */,
			);
			buildRules = (
			);
			dependencies = (
				9C62CA4C2BF9F22100F7E575 /* PBXTargetDependency */,
			);
			name = SendJsonFileSampleTests;
			productName = SendJsonFileSampleTests;
			productReference = 9C62CA4A2BF9F22100F7E575 /* SendJsonFileSampleTests.xctest */;
			productType = "com.apple.product-type.bundle.unit-test";
		};
		9C62CA532BF9F22100F7E575 /* SendJsonFileSampleUITests */ = {
			isa = PBXNativeTarget;
			buildConfigurationList = 9C62CA642BF9F22100F7E575 /* Build configuration list for PBXNativeTarget "SendJsonFileSampleUITests" */;
			buildPhases = (
				9C62CA502BF9F22100F7E575 /* Sources */,
				9C62CA512BF9F22100F7E575 /* Frameworks */,
				9C62CA522BF9F22100F7E575 /* Resources */,
			);
			buildRules = (
			);
			dependencies = (
				9C62CA562BF9F22100F7E575 /* PBXTargetDependency */,
			);
			name = SendJsonFileSampleUITests;
			productName = SendJsonFileSampleUITests;
			productReference = 9C62CA542BF9F22100F7E575 /* SendJsonFileSampleUITests.xctest */;
			productType = "com.apple.product-type.bundle.ui-testing";
		};
/* End PBXNativeTarget section */

/* Begin PBXProject section */
		9C62CA312BF9F22000F7E575 /* Project object */ = {
			isa = PBXProject;
			attributes = {
				BuildIndependentTargetsInParallel = 1;
				LastSwiftUpdateCheck = 1530;
				LastUpgradeCheck = 1530;
				TargetAttributes = {
					9C62CA382BF9F22000F7E575 = {
						CreatedOnToolsVersion = 15.3;
					};
					9C62CA492BF9F22100F7E575 = {
						CreatedOnToolsVersion = 15.3;
						TestTargetID = 9C62CA382BF9F22000F7E575;
					};
					9C62CA532BF9F22100F7E575 = {
						CreatedOnToolsVersion = 15.3;
						TestTargetID = 9C62CA382BF9F22000F7E575;
					};
				};
			};
			buildConfigurationList = 9C62CA342BF9F22000F7E575 /* Build configuration list for PBXProject "SendJsonFileSample" */;
			compatibilityVersion = "Xcode 14.0";
			developmentRegion = en;
			hasScannedForEncodings = 0;
			knownRegions = (
				en,
				Base,
			);
			mainGroup = 9C62CA302BF9F22000F7E575;
			productRefGroup = 9C62CA3A2BF9F22000F7E575 /* Products */;
			projectDirPath = "";
			projectRoot = "";
			targets = (
				9C62CA382BF9F22000F7E575 /* SendJsonFileSample */,
				9C62CA492BF9F22100F7E575 /* SendJsonFileSampleTests */,
				9C62CA532BF9F22100F7E575 /* SendJsonFileSampleUITests */,
			);
		};
/* End PBXProject section */

/* Begin PBXResourcesBuildPhase section */
		9C62CA372BF9F22000F7E575 /* Resources */ = {
			isa = PBXResourcesBuildPhase;
			buildActionMask = 2147483647;
			files = (
				9C62CA452BF9F22100F7E575 /* Preview Assets.xcassets in Resources */,
				9C62CA412BF9F22100F7E575 /* Assets.xcassets in Resources */,
			);
			runOnlyForDeploymentPostprocessing = 0;
		};
		9C62CA482BF9F22100F7E575 /* Resources */ = {
			isa = PBXResourcesBuildPhase;
			buildActionMask = 2147483647;
			files = (
			);
			runOnlyForDeploymentPostprocessing = 0;
		};
		9C62CA522BF9F22100F7E575 /* Resources */ = {
			isa = PBXResourcesBuildPhase;
			buildActionMask = 2147483647;
			files = (
			);
			runOnlyForDeploymentPostprocessing = 0;
		};
/* End PBXResourcesBuildPhase section */

/* Begin PBXSourcesBuildPhase section */
		9C62CA352BF9F22000F7E575 /* Sources */ = {
			isa = PBXSourcesBuildPhase;
			buildActionMask = 2147483647;
			files = (
				9C62CA3F2BF9F22000F7E575 /* ContentView.swift in Sources */,
				9C62CA3D2BF9F22000F7E575 /* SendJsonFileSampleApp.swift in Sources */,
			);
			runOnlyForDeploymentPostprocessing = 0;
		};
		9C62CA462BF9F22100F7E575 /* Sources */ = {
			isa = PBXSourcesBuildPhase;
			buildActionMask = 2147483647;
			files = (
				9C62CA4F2BF9F22100F7E575 /* SendJsonFileSampleTests.swift in Sources */,
			);
			runOnlyForDeploymentPostprocessing = 0;
		};
		9C62CA502BF9F22100F7E575 /* Sources */ = {
			isa = PBXSourcesBuildPhase;
			buildActionMask = 2147483647;
			files = (
				9C62CA5B2BF9F22100F7E575 /* SendJsonFileSampleUITestsLaunchTests.swift in Sources */,
				9C62CA592BF9F22100F7E575 /* SendJsonFileSampleUITests.swift in Sources */,
			);
			runOnlyForDeploymentPostprocessing = 0;
		};
/* End PBXSourcesBuildPhase section */

/* Begin PBXTargetDependency section */
		9C62CA4C2BF9F22100F7E575 /* PBXTargetDependency */ = {
			isa = PBXTargetDependency;
			target = 9C62CA382BF9F22000F7E575 /* SendJsonFileSample */;
			targetProxy = 9C62CA4B2BF9F22100F7E575 /* PBXContainerItemProxy */;
		};
		9C62CA562BF9F22100F7E575 /* PBXTargetDependency */ = {
			isa = PBXTargetDependency;
			target = 9C62CA382BF9F22000F7E575 /* SendJsonFileSample */;
			targetProxy = 9C62CA552BF9F22100F7E575 /* PBXContainerItemProxy */;
		};
/* End PBXTargetDependency section */

/* Begin XCBuildConfiguration section */
		9C62CA5C2BF9F22100F7E575 /* Debug */ = {
			isa = XCBuildConfiguration;
			buildSettings = {
				ALWAYS_SEARCH_USER_PATHS = NO;
				ASSETCATALOG_COMPILER_GENERATE_SWIFT_ASSET_SYMBOL_EXTENSIONS = YES;
				CLANG_ANALYZER_NONNULL = YES;
				CLANG_ANALYZER_NUMBER_OBJECT_CONVERSION = YES_AGGRESSIVE;
				CLANG_CXX_LANGUAGE_STANDARD = "gnu++20";
				CLANG_ENABLE_MODULES = YES;
				CLANG_ENABLE_OBJC_ARC = YES;
				CLANG_ENABLE_OBJC_WEAK = YES;
				CLANG_WARN_BLOCK_CAPTURE_AUTORELEASING = YES;
				CLANG_WARN_BOOL_CONVERSION = YES;
				CLANG_WARN_COMMA = YES;
				CLANG_WARN_CONSTANT_CONVERSION = YES;
				CLANG_WARN_DEPRECATED_OBJC_IMPLEMENTATIONS = YES;
				CLANG_WARN_DIRECT_OBJC_ISA_USAGE = YES_ERROR;
				CLANG_WARN_DOCUMENTATION_COMMENTS = YES;
				CLANG_WARN_EMPTY_BODY = YES;
				CLANG_WARN_ENUM_CONVERSION = YES;
				CLANG_WARN_INFINITE_RECURSION = YES;
				CLANG_WARN_INT_CONVERSION = YES;
				CLANG_WARN_NON_LITERAL_NULL_CONVERSION = YES;
				CLANG_WARN_OBJC_IMPLICIT_RETAIN_SELF = YES;
				CLANG_WARN_OBJC_LITERAL_CONVERSION = YES;
				CLANG_WARN_OBJC_ROOT_CLASS = YES_ERROR;
				CLANG_WARN_QUOTED_INCLUDE_IN_FRAMEWORK_HEADER = YES;
				CLANG_WARN_RANGE_LOOP_ANALYSIS = YES;
				CLANG_WARN_STRICT_PROTOTYPES = YES;
				CLANG_WARN_SUSPICIOUS_MOVE = YES;
				CLANG_WARN_UNGUARDED_AVAILABILITY = YES_AGGRESSIVE;
				CLANG_WARN_UNREACHABLE_CODE = YES;
				CLANG_WARN__DUPLICATE_METHOD_MATCH = YES;
				COPY_PHASE_STRIP = NO;
				DEBUG_INFORMATION_FORMAT = dwarf;
				ENABLE_STRICT_OBJC_MSGSEND = YES;
				ENABLE_TESTABILITY = YES;
				ENABLE_USER_SCRIPT_SANDBOXING = YES;
				GCC_C_LANGUAGE_STANDARD = gnu17;
				GCC_DYNAMIC_NO_PIC = NO;
				GCC_NO_COMMON_BLOCKS = YES;
				GCC_OPTIMIZATION_LEVEL = 0;
				GCC_PREPROCESSOR_DEFINITIONS = (
					"DEBUG=1",
					"$(inherited)",
				);
				GCC_WARN_64_TO_32_BIT_CONVERSION = YES;
				GCC_WARN_ABOUT_RETURN_TYPE = YES_ERROR;
				GCC_WARN_UNDECLARED_SELECTOR = YES;
				GCC_WARN_UNINITIALIZED_AUTOS = YES_AGGRESSIVE;
				GCC_WARN_UNUSED_FUNCTION = YES;
				GCC_WARN_UNUSED_VARIABLE = YES;
				LOCALIZATION_PREFERS_STRING_CATALOGS = YES;
				MTL_ENABLE_DEBUG_INFO = INCLUDE_SOURCE;
				MTL_FAST_MATH = YES;
				ONLY_ACTIVE_ARCH = YES;
				SWIFT_ACTIVE_COMPILATION_CONDITIONS = "DEBUG $(inherited)";
				SWIFT_OPTIMIZATION_LEVEL = "-Onone";
			};
			name = Debug;
		};
		9C62CA5D2BF9F22100F7E575 /* Release */ = {
			isa = XCBuildConfiguration;
			buildSettings = {
				ALWAYS_SEARCH_USER_PATHS = NO;
				ASSETCATALOG_COMPILER_GENERATE_SWIFT_ASSET_SYMBOL_EXTENSIONS = YES;
				CLANG_ANALYZER_NONNULL = YES;
				CLANG_ANALYZER_NUMBER_OBJECT_CONVERSION = YES_AGGRESSIVE;
				CLANG_CXX_LANGUAGE_STANDARD = "gnu++20";
				CLANG_ENABLE_MODULES = YES;
				CLANG_ENABLE_OBJC_ARC = YES;
				CLANG_ENABLE_OBJC_WEAK = YES;
				CLANG_WARN_BLOCK_CAPTURE_AUTORELEASING = YES;
				CLANG_WARN_BOOL_CONVERSION = YES;
				CLANG_WARN_COMMA = YES;
				CLANG_WARN_CONSTANT_CONVERSION = YES;
				CLANG_WARN_DEPRECATED_OBJC_IMPLEMENTATIONS = YES;
				CLANG_WARN_DIRECT_OBJC_ISA_USAGE = YES_ERROR;
				CLANG_WARN_DOCUMENTATION_COMMENTS = YES;
				CLANG_WARN_EMPTY_BODY = YES;
				CLANG_WARN_ENUM_CONVERSION = YES;
				CLANG_WARN_INFINITE_RECURSION = YES;
				CLANG_WARN_INT_CONVERSION = YES;
				CLANG_WARN_NON_LITERAL_NULL_CONVERSION = YES;
				CLANG_WARN_OBJC_IMPLICIT_RETAIN_SELF = YES;
				CLANG_WARN_OBJC_LITERAL_CONVERSION = YES;
				CLANG_WARN_OBJC_ROOT_CLASS = YES_ERROR;
				CLANG_WARN_QUOTED_INCLUDE_IN_FRAMEWORK_HEADER = YES;
				CLANG_WARN_RANGE_LOOP_ANALYSIS = YES;
				CLANG_WARN_STRICT_PROTOTYPES = YES;
				CLANG_WARN_SUSPICIOUS_MOVE = YES;
				CLANG_WARN_UNGUARDED_AVAILABILITY = YES_AGGRESSIVE;
				CLANG_WARN_UNREACHABLE_CODE = YES;
				CLANG_WARN__DUPLICATE_METHOD_MATCH = YES;
				COPY_PHASE_STRIP = NO;
				DEBUG_INFORMATION_FORMAT = "dwarf-with-dsym";
				ENABLE_NS_ASSERTIONS = NO;
				ENABLE_STRICT_OBJC_MSGSEND = YES;
				ENABLE_USER_SCRIPT_SANDBOXING = YES;
				GCC_C_LANGUAGE_STANDARD = gnu17;
				GCC_NO_COMMON_BLOCKS = YES;
				GCC_WARN_64_TO_32_BIT_CONVERSION = YES;
				GCC_WARN_ABOUT_RETURN_TYPE = YES_ERROR;
				GCC_WARN_UNDECLARED_SELECTOR = YES;
				GCC_WARN_UNINITIALIZED_AUTOS = YES_AGGRESSIVE;
				GCC_WARN_UNUSED_FUNCTION = YES;
				GCC_WARN_UNUSED_VARIABLE = YES;
				LOCALIZATION_PREFERS_STRING_CATALOGS = YES;
				MTL_ENABLE_DEBUG_INFO = NO;
				MTL_FAST_MATH = YES;
				SWIFT_COMPILATION_MODE = wholemodule;
			};
			name = Release;
		};
		9C62CA5F2BF9F22100F7E575 /* Debug */ = {
			isa = XCBuildConfiguration;
			buildSettings = {
				ASSETCATALOG_COMPILER_APPICON_NAME = AppIcon;
				ASSETCATALOG_COMPILER_GLOBAL_ACCENT_COLOR_NAME = AccentColor;
				CODE_SIGN_ENTITLEMENTS = SendJsonFileSample/SendJsonFileSample.entitlements;
				CODE_SIGN_STYLE = Automatic;
				CURRENT_PROJECT_VERSION = 1;
				DEVELOPMENT_ASSET_PATHS = "\"SendJsonFileSample/Preview Content\"";
				DEVELOPMENT_TEAM = 8HSC6WJMH6;
				ENABLE_HARDENED_RUNTIME = YES;
				ENABLE_PREVIEWS = YES;
				GENERATE_INFOPLIST_FILE = YES;
				INFOPLIST_FILE = SendJsonFileSample/Info.plist;
				INFOPLIST_KEY_LSSupportsOpeningDocumentsInPlace = YES;
				"INFOPLIST_KEY_UIApplicationSceneManifest_Generation[sdk=iphoneos*]" = YES;
				"INFOPLIST_KEY_UIApplicationSceneManifest_Generation[sdk=iphonesimulator*]" = YES;
				"INFOPLIST_KEY_UIApplicationSupportsIndirectInputEvents[sdk=iphoneos*]" = YES;
				"INFOPLIST_KEY_UIApplicationSupportsIndirectInputEvents[sdk=iphonesimulator*]" = YES;
				"INFOPLIST_KEY_UILaunchScreen_Generation[sdk=iphoneos*]" = YES;
				"INFOPLIST_KEY_UILaunchScreen_Generation[sdk=iphonesimulator*]" = YES;
				"INFOPLIST_KEY_UIStatusBarStyle[sdk=iphoneos*]" = UIStatusBarStyleDefault;
				"INFOPLIST_KEY_UIStatusBarStyle[sdk=iphonesimulator*]" = UIStatusBarStyleDefault;
				INFOPLIST_KEY_UISupportedInterfaceOrientations_iPad = "UIInterfaceOrientationPortrait UIInterfaceOrientationPortraitUpsideDown UIInterfaceOrientationLandscapeLeft UIInterfaceOrientationLandscapeRight";
				INFOPLIST_KEY_UISupportedInterfaceOrientations_iPhone = "UIInterfaceOrientationPortrait UIInterfaceOrientationLandscapeLeft UIInterfaceOrientationLandscapeRight";
				INFOPLIST_KEY_UISupportsDocumentBrowser = YES;
				IPHONEOS_DEPLOYMENT_TARGET = 17.4;
				LD_RUNPATH_SEARCH_PATHS = "@executable_path/Frameworks";
				"LD_RUNPATH_SEARCH_PATHS[sdk=macosx*]" = "@executable_path/../Frameworks";
				MACOSX_DEPLOYMENT_TARGET = 14.4;
				MARKETING_VERSION = 1.0;
				PRODUCT_BUNDLE_IDENTIFIER = kazuma.miura.SendJsonFileSample;
				PRODUCT_NAME = "$(TARGET_NAME)";
				SDKROOT = auto;
				SUPPORTED_PLATFORMS = "iphoneos iphonesimulator macosx";
				SWIFT_EMIT_LOC_STRINGS = YES;
				SWIFT_VERSION = 5.0;
				TARGETED_DEVICE_FAMILY = "1,2";
			};
			name = Debug;
		};
		9C62CA602BF9F22100F7E575 /* Release */ = {
			isa = XCBuildConfiguration;
			buildSettings = {
				ASSETCATALOG_COMPILER_APPICON_NAME = AppIcon;
				ASSETCATALOG_COMPILER_GLOBAL_ACCENT_COLOR_NAME = AccentColor;
				CODE_SIGN_ENTITLEMENTS = SendJsonFileSample/SendJsonFileSample.entitlements;
				CODE_SIGN_STYLE = Automatic;
				CURRENT_PROJECT_VERSION = 1;
				DEVELOPMENT_ASSET_PATHS = "\"SendJsonFileSample/Preview Content\"";
				DEVELOPMENT_TEAM = 8HSC6WJMH6;
				ENABLE_HARDENED_RUNTIME = YES;
				ENABLE_PREVIEWS = YES;
				GENERATE_INFOPLIST_FILE = YES;
				INFOPLIST_FILE = SendJsonFileSample/Info.plist;
				INFOPLIST_KEY_LSSupportsOpeningDocumentsInPlace = YES;
				"INFOPLIST_KEY_UIApplicationSceneManifest_Generation[sdk=iphoneos*]" = YES;
				"INFOPLIST_KEY_UIApplicationSceneManifest_Generation[sdk=iphonesimulator*]" = YES;
				"INFOPLIST_KEY_UIApplicationSupportsIndirectInputEvents[sdk=iphoneos*]" = YES;
				"INFOPLIST_KEY_UIApplicationSupportsIndirectInputEvents[sdk=iphonesimulator*]" = YES;
				"INFOPLIST_KEY_UILaunchScreen_Generation[sdk=iphoneos*]" = YES;
				"INFOPLIST_KEY_UILaunchScreen_Generation[sdk=iphonesimulator*]" = YES;
				"INFOPLIST_KEY_UIStatusBarStyle[sdk=iphoneos*]" = UIStatusBarStyleDefault;
				"INFOPLIST_KEY_UIStatusBarStyle[sdk=iphonesimulator*]" = UIStatusBarStyleDefault;
				INFOPLIST_KEY_UISupportedInterfaceOrientations_iPad = "UIInterfaceOrientationPortrait UIInterfaceOrientationPortraitUpsideDown UIInterfaceOrientationLandscapeLeft UIInterfaceOrientationLandscapeRight";
				INFOPLIST_KEY_UISupportedInterfaceOrientations_iPhone = "UIInterfaceOrientationPortrait UIInterfaceOrientationLandscapeLeft UIInterfaceOrientationLandscapeRight";
				INFOPLIST_KEY_UISupportsDocumentBrowser = YES;
				IPHONEOS_DEPLOYMENT_TARGET = 17.4;
				LD_RUNPATH_SEARCH_PATHS = "@executable_path/Frameworks";
				"LD_RUNPATH_SEARCH_PATHS[sdk=macosx*]" = "@executable_path/../Frameworks";
				MACOSX_DEPLOYMENT_TARGET = 14.4;
				MARKETING_VERSION = 1.0;
				PRODUCT_BUNDLE_IDENTIFIER = kazuma.miura.SendJsonFileSample;
				PRODUCT_NAME = "$(TARGET_NAME)";
				SDKROOT = auto;
				SUPPORTED_PLATFORMS = "iphoneos iphonesimulator macosx";
				SWIFT_EMIT_LOC_STRINGS = YES;
				SWIFT_VERSION = 5.0;
				TARGETED_DEVICE_FAMILY = "1,2";
			};
			name = Release;
		};
		9C62CA622BF9F22100F7E575 /* Debug */ = {
			isa = XCBuildConfiguration;
			buildSettings = {
				ALWAYS_EMBED_SWIFT_STANDARD_LIBRARIES = YES;
				BUNDLE_LOADER = "$(TEST_HOST)";
				CODE_SIGN_STYLE = Automatic;
				CURRENT_PROJECT_VERSION = 1;
				DEVELOPMENT_TEAM = 8HSC6WJMH6;
				GENERATE_INFOPLIST_FILE = YES;
				IPHONEOS_DEPLOYMENT_TARGET = 17.4;
				MACOSX_DEPLOYMENT_TARGET = 14.4;
				MARKETING_VERSION = 1.0;
				PRODUCT_BUNDLE_IDENTIFIER = kazuma.miura.SendJsonFileSampleTests;
				PRODUCT_NAME = "$(TARGET_NAME)";
				SDKROOT = auto;
				SUPPORTED_PLATFORMS = "iphoneos iphonesimulator macosx";
				SWIFT_EMIT_LOC_STRINGS = NO;
				SWIFT_VERSION = 5.0;
				TARGETED_DEVICE_FAMILY = "1,2";
				TEST_HOST = "$(BUILT_PRODUCTS_DIR)/SendJsonFileSample.app/$(BUNDLE_EXECUTABLE_FOLDER_PATH)/SendJsonFileSample";
			};
			name = Debug;
		};
		9C62CA632BF9F22100F7E575 /* Release */ = {
			isa = XCBuildConfiguration;
			buildSettings = {
				ALWAYS_EMBED_SWIFT_STANDARD_LIBRARIES = YES;
				BUNDLE_LOADER = "$(TEST_HOST)";
				CODE_SIGN_STYLE = Automatic;
				CURRENT_PROJECT_VERSION = 1;
				DEVELOPMENT_TEAM = 8HSC6WJMH6;
				GENERATE_INFOPLIST_FILE = YES;
				IPHONEOS_DEPLOYMENT_TARGET = 17.4;
				MACOSX_DEPLOYMENT_TARGET = 14.4;
				MARKETING_VERSION = 1.0;
				PRODUCT_BUNDLE_IDENTIFIER = kazuma.miura.SendJsonFileSampleTests;
				PRODUCT_NAME = "$(TARGET_NAME)";
				SDKROOT = auto;
				SUPPORTED_PLATFORMS = "iphoneos iphonesimulator macosx";
				SWIFT_EMIT_LOC_STRINGS = NO;
				SWIFT_VERSION = 5.0;
				TARGETED_DEVICE_FAMILY = "1,2";
				TEST_HOST = "$(BUILT_PRODUCTS_DIR)/SendJsonFileSample.app/$(BUNDLE_EXECUTABLE_FOLDER_PATH)/SendJsonFileSample";
			};
			name = Release;
		};
		9C62CA652BF9F22100F7E575 /* Debug */ = {
			isa = XCBuildConfiguration;
			buildSettings = {
				ALWAYS_EMBED_SWIFT_STANDARD_LIBRARIES = YES;
				CODE_SIGN_STYLE = Automatic;
				CURRENT_PROJECT_VERSION = 1;
				DEVELOPMENT_TEAM = 8HSC6WJMH6;
				GENERATE_INFOPLIST_FILE = YES;
				IPHONEOS_DEPLOYMENT_TARGET = 17.4;
				MACOSX_DEPLOYMENT_TARGET = 14.4;
				MARKETING_VERSION = 1.0;
				PRODUCT_BUNDLE_IDENTIFIER = kazuma.miura.SendJsonFileSampleUITests;
				PRODUCT_NAME = "$(TARGET_NAME)";
				SDKROOT = auto;
				SUPPORTED_PLATFORMS = "iphoneos iphonesimulator macosx";
				SWIFT_EMIT_LOC_STRINGS = NO;
				SWIFT_VERSION = 5.0;
				TARGETED_DEVICE_FAMILY = "1,2";
				TEST_TARGET_NAME = SendJsonFileSample;
			};
			name = Debug;
		};
		9C62CA662BF9F22100F7E575 /* Release */ = {
			isa = XCBuildConfiguration;
			buildSettings = {
				ALWAYS_EMBED_SWIFT_STANDARD_LIBRARIES = YES;
				CODE_SIGN_STYLE = Automatic;
				CURRENT_PROJECT_VERSION = 1;
				DEVELOPMENT_TEAM = 8HSC6WJMH6;
				GENERATE_INFOPLIST_FILE = YES;
				IPHONEOS_DEPLOYMENT_TARGET = 17.4;
				MACOSX_DEPLOYMENT_TARGET = 14.4;
				MARKETING_VERSION = 1.0;
				PRODUCT_BUNDLE_IDENTIFIER = kazuma.miura.SendJsonFileSampleUITests;
				PRODUCT_NAME = "$(TARGET_NAME)";
				SDKROOT = auto;
				SUPPORTED_PLATFORMS = "iphoneos iphonesimulator macosx";
				SWIFT_EMIT_LOC_STRINGS = NO;
				SWIFT_VERSION = 5.0;
				TARGETED_DEVICE_FAMILY = "1,2";
				TEST_TARGET_NAME = SendJsonFileSample;
			};
			name = Release;
		};
/* End XCBuildConfiguration section */

/* Begin XCConfigurationList section */
		9C62CA342BF9F22000F7E575 /* Build configuration list for PBXProject "SendJsonFileSample" */ = {
			isa = XCConfigurationList;
			buildConfigurations = (
				9C62CA5C2BF9F22100F7E575 /* Debug */,
				9C62CA5D2BF9F22100F7E575 /* Release */,
			);
			defaultConfigurationIsVisible = 0;
			defaultConfigurationName = Release;
		};
		9C62CA5E2BF9F22100F7E575 /* Build configuration list for PBXNativeTarget "SendJsonFileSample" */ = {
			isa = XCConfigurationList;
			buildConfigurations = (
				9C62CA5F2BF9F22100F7E575 /* Debug */,
				9C62CA602BF9F22100F7E575 /* Release */,
			);
			defaultConfigurationIsVisible = 0;
			defaultConfigurationName = Release;
		};
		9C62CA612BF9F22100F7E575 /* Build configuration list for PBXNativeTarget "SendJsonFileSampleTests" */ = {
			isa = XCConfigurationList;
			buildConfigurations = (
				9C62CA622BF9F22100F7E575 /* Debug */,
				9C62CA632BF9F22100F7E575 /* Release */,
			);
			defaultConfigurationIsVisible = 0;
			defaultConfigurationName = Release;
		};
		9C62CA642BF9F22100F7E575 /* Build configuration list for PBXNativeTarget "SendJsonFileSampleUITests" */ = {
			isa = XCConfigurationList;
			buildConfigurations = (
				9C62CA652BF9F22100F7E575 /* Debug */,
				9C62CA662BF9F22100F7E575 /* Release */,
			);
			defaultConfigurationIsVisible = 0;
			defaultConfigurationName = Release;
		};
/* End XCConfigurationList section */
	};
	rootObject = 9C62CA312BF9F22000F7E575 /* Project object */;
}
